
Microsoft Visual Studio Solution File, Format Version 12.00
# Visual Studio Version 17
VisualStudioVersion = 17.13.35806.99 d17.13
MinimumVisualStudioVersion = 10.0.40219.1
Project("{FAE04EC0-301F-11D3-BF4B-00C04F79EFBC}") = "SpeechVisualizer", "SpeechVisualizer\SpeechVisualizer.csproj", "{A3B6770F-8EAB-4C34-9EA7-EA51E2D0796F}"
EndProject
Project("{FAE04EC0-301F-11D3-BF4B-00C04F79EFBC}") = "SpeechVisualizerCam", "SpeechVisualizerCam\SpeechVisualizerCam.csproj", "{0DA9373E-49B1-4C2A-9306-E1F7FF7B4B40}"
EndProject
Global
	GlobalSection(SolutionConfigurationPlatforms) = preSolution
		Debug|ARM64 = Debug|ARM64
		Debug|x64 = Debug|x64
		Debug|x86 = Debug|x86
		Release|ARM64 = Release|ARM64
		Release|x64 = Release|x64
		Release|x86 = Release|x86
	EndGlobalSection
	GlobalSection(ProjectConfigurationPlatforms) = postSolution
		{A3B6770F-8EAB-4C34-9EA7-EA51E2D0796F}.Debug|ARM64.ActiveCfg = Debug|ARM64
		{A3B6770F-8EAB-4C34-9EA7-EA51E2D0796F}.Debug|ARM64.Build.0 = Debug|ARM64
		{A3B6770F-8EAB-4C34-9EA7-EA51E2D0796F}.Debug|x64.ActiveCfg = Debug|x64
		{A3B6770F-8EAB-4C34-9EA7-EA51E2D0796F}.Debug|x64.Build.0 = Debug|x64
		{A3B6770F-8EAB-4C34-9EA7-EA51E2D0796F}.Debug|x86.ActiveCfg = Debug|x86
		{A3B6770F-8EAB-4C34-9EA7-EA51E2D0796F}.Debug|x86.Build.0 = Debug|x86
		{A3B6770F-8EAB-4C34-9EA7-EA51E2D0796F}.Release|ARM64.ActiveCfg = Release|ARM64
		{A3B6770F-8EAB-4C34-9EA7-EA51E2D0796F}.Release|ARM64.Build.0 = Release|ARM64
		{A3B6770F-8EAB-4C34-9EA7-EA51E2D0796F}.Release|x64.ActiveCfg = Release|x64
		{A3B6770F-8EAB-4C34-9EA7-EA51E2D0796F}.Release|x64.Build.0 = Release|x64
		{A3B6770F-8EAB-4C34-9EA7-EA51E2D0796F}.Release|x86.ActiveCfg = Release|x86
		{A3B6770F-8EAB-4C34-9EA7-EA51E2D0796F}.Release|x86.Build.0 = Release|x86
		{0DA9373E-49B1-4C2A-9306-E1F7FF7B4B40}.Debug|ARM64.ActiveCfg = Debug|ARM64
		{0DA9373E-49B1-4C2A-9306-E1F7FF7B4B40}.Debug|ARM64.Build.0 = Debug|ARM64
		{0DA9373E-49B1-4C2A-9306-E1F7FF7B4B40}.Debug|x64.ActiveCfg = Debug|x64
		{0DA9373E-49B1-4C2A-9306-E1F7FF7B4B40}.Debug|x64.Build.0 = Debug|x64
		{0DA9373E-49B1-4C2A-9306-E1F7FF7B4B40}.Debug|x86.ActiveCfg = Debug|x86
		{0DA9373E-49B1-4C2A-9306-E1F7FF7B4B40}.Debug|x86.Build.0 = Debug|x86
		{0DA9373E-49B1-4C2A-9306-E1F7FF7B4B40}.Release|ARM64.ActiveCfg = Release|ARM64
		{0DA9373E-49B1-4C2A-9306-E1F7FF7B4B40}.Release|ARM64.Build.0 = Release|ARM64
		{0DA9373E-49B1-4C2A-9306-E1F7FF7B4B40}.Release|x64.ActiveCfg = Release|x64
		{0DA9373E-49B1-4C2A-9306-E1F7FF7B4B40}.Release|x64.Build.0 = Release|x64
		{0DA9373E-49B1-4C2A-9306-E1F7FF7B4B40}.Release|x86.ActiveCfg = Release|x86
		{0DA9373E-49B1-4C2A-9306-E1F7FF7B4B40}.Release|x86.Build.0 = Release|x86
	EndGlobalSection
	GlobalSection(SolutionProperties) = preSolution
		HideSolutionNode = FALSE
	EndGlobalSection
	GlobalSection(ExtensibilityGlobals) = postSolution
		SolutionGuid = {B14ECFB6-FD94-42AE-9C5C-E1E97F76BE11}
	EndGlobalSection
EndGlobal
